{
    "name": "html-template",
    "version": "1.0.0",
    "lockfileVersion": 2,
    "requires": true,
    "packages": {
        "": {
            "name": "html-template",
            "version": "1.0.0",
            "hasInstallScript": true,
            "dependencies": {
                "fs-extra": "^10.0.0"
            },
            "devDependencies": {
                "@cocos/creator-types": "^3.8.2",
                "@types/fs-extra": "^9.0.5",
                "@types/node": "^18.17.1"
            }
        },
        "node_modules/@cocos/creator-types": {
            "version": "3.8.3",
            "resolved": "https://registry.npmjs.org/@cocos/creator-types/-/creator-types-3.8.3.tgz",
            "integrity": "sha512-dVAgORX+dWzINdM6gGOcgFNbFXUItEv9Dg2DCWWPHN1qMHaqUe1h+hslcIsJK9OxgOcmS6Lh9FZcklfXn5jkOQ==",
            "dev": true
        },
        "node_modules/@types/fs-extra": {
            "version": "9.0.13",
            "resolved": "https://registry.npmjs.org/@types/fs-extra/-/fs-extra-9.0.13.tgz",
            "integrity": "sha512-nEnwB++1u5lVDM2UI4c1+5R+FYaKfaAzS4OococimjVm3nQw3TuzH5UNsocrcTBbhnerblyHj4A49qXbIiZdpA==",
            "dev": true,
            "dependencies": {
                "@types/node": "*"
            }
        },
        "node_modules/@types/node": {
            "version": "18.19.32",
            "resolved": "https://registry.npmjs.org/@types/node/-/node-18.19.32.tgz",
            "integrity": "sha512-2bkg93YBSDKk8DLmmHnmj/Rwr18TLx7/n+I23BigFwgexUJoMHZOd8X1OFxuF/W3NN0S2W2E5sVabI5CPinNvA==",
            "dev": true,
            "dependencies": {
                "undici-types": "~5.26.4"
            }
        },
        "node_modules/fs-extra": {
            "version": "10.1.0",
            "license": "MIT",
            "dependencies": {
                "graceful-fs": "^4.2.0",
                "jsonfile": "^6.0.1",
                "universalify": "^2.0.0"
            },
            "engines": {
                "node": ">=12"
            }
        },
        "node_modules/graceful-fs": {
            "version": "4.2.11",
            "license": "ISC"
        },
        "node_modules/jsonfile": {
            "version": "6.1.0",
            "license": "MIT",
            "dependencies": {
                "universalify": "^2.0.0"
            },
            "optionalDependencies": {
                "graceful-fs": "^4.1.6"
            }
        },
        "node_modules/undici-types": {
            "version": "5.26.5",
            "resolved": "https://registry.npmjs.org/undici-types/-/undici-types-5.26.5.tgz",
            "integrity": "sha512-JlCMO+ehdEIKqlFxk6IfVoAUVmgz7cU7zD/h9XZ0qzeosSHmUJVOzSQvvYSYWXkFXC+IfLKSIffhv0sVZup6pA==",
            "dev": true
        },
        "node_modules/universalify": {
            "version": "2.0.0",
            "license": "MIT",
            "engines": {
                "node": ">= 10.0.0"
            }
        }
    },
    "dependencies": {
        "@cocos/creator-types": {
            "version": "3.8.3",
            "resolved": "https://registry.npmjs.org/@cocos/creator-types/-/creator-types-3.8.3.tgz",
            "integrity": "sha512-dVAgORX+dWzINdM6gGOcgFNbFXUItEv9Dg2DCWWPHN1qMHaqUe1h+hslcIsJK9OxgOcmS6Lh9FZcklfXn5jkOQ==",
            "dev": true
        },
        "@types/fs-extra": {
            "version": "9.0.13",
            "resolved": "https://registry.npmjs.org/@types/fs-extra/-/fs-extra-9.0.13.tgz",
            "integrity": "sha512-nEnwB++1u5lVDM2UI4c1+5R+FYaKfaAzS4OococimjVm3nQw3TuzH5UNsocrcTBbhnerblyHj4A49qXbIiZdpA==",
            "dev": true,
            "requires": {
                "@types/node": "*"
            }
        },
        "@types/node": {
            "version": "18.19.32",
            "resolved": "https://registry.npmjs.org/@types/node/-/node-18.19.32.tgz",
            "integrity": "sha512-2bkg93YBSDKk8DLmmHnmj/Rwr18TLx7/n+I23BigFwgexUJoMHZOd8X1OFxuF/W3NN0S2W2E5sVabI5CPinNvA==",
            "dev": true,
            "requires": {
                "undici-types": "~5.26.4"
            }
        },
        "fs-extra": {
            "version": "10.1.0",
            "requires": {
                "graceful-fs": "^4.2.0",
                "jsonfile": "^6.0.1",
                "universalify": "^2.0.0"
            }
        },
        "graceful-fs": {
            "version": "4.2.11"
        },
        "jsonfile": {
            "version": "6.1.0",
            "requires": {
                "graceful-fs": "^4.1.6",
                "universalify": "^2.0.0"
            }
        },
        "undici-types": {
            "version": "5.26.5",
            "resolved": "https://registry.npmjs.org/undici-types/-/undici-types-5.26.5.tgz",
            "integrity": "sha512-JlCMO+ehdEIKqlFxk6IfVoAUVmgz7cU7zD/h9XZ0qzeosSHmUJVOzSQvvYSYWXkFXC+IfLKSIffhv0sVZup6pA==",
            "dev": true
        },
        "universalify": {
            "version": "2.0.0"
        }
    }
}
